
Microsoft Visual Studio Solution File, Format Version 12.00
# Visual Studio Version 17
VisualStudioVersion = 17.5.002.0
MinimumVisualStudioVersion = 10.0.40219.1
Project("{9A19103F-16F7-4668-BE54-9A1E7A4F7556}") = "cshest", "cshest.csproj", "{8F4D6BB4-D2EF-46C3-9CFE-009A61E23948}"
EndProject
Global
	GlobalSection(SolutionConfigurationPlatforms) = preSolution
		Debug|Any CPU = Debug|Any CPU
		Release|Any CPU = Release|Any CPU
	EndGlobalSection
	GlobalSection(ProjectConfigurationPlatforms) = postSolution
		{8F4D6BB4-D2EF-46C3-9CFE-009A61E23948}.Debug|Any CPU.ActiveCfg = Debug|Any CPU
		{8F4D6BB4-D2EF-46C3-9CFE-009A61E23948}.Debug|Any CPU.Build.0 = Debug|Any CPU
		{8F4D6BB4-D2EF-46C3-9CFE-009A61E23948}.Release|Any CPU.ActiveCfg = Release|Any CPU
		{8F4D6BB4-D2EF-46C3-9CFE-009A61E23948}.Release|Any CPU.Build.0 = Release|Any CPU
	EndGlobalSection
	GlobalSection(SolutionProperties) = preSolution
		HideSolutionNode = FALSE
	EndGlobalSection
	GlobalSection(ExtensibilityGlobals) = postSolution
		SolutionGuid = {25615A5C-FB08-43A8-AB9A-97B5D49FE85D}
	EndGlobalSection
EndGlobal
